
Microsoft Visual Studio Solution File, Format Version 12.00
# Visual Studio Version 17
VisualStudioVersion = 17.2.32616.157
MinimumVisualStudioVersion = 10.0.40219.1
Project("{FAE04EC0-301F-11D3-BF4B-00C04F79EFBC}") = "CHM", "CHM\CHM.csproj", "{741E5666-E192-4173-8ABD-C6774420BDFB}"
EndProject
Global
	GlobalSection(SolutionConfigurationPlatforms) = preSolution
		Debug|Any CPU = Debug|Any CPU
		Release|Any CPU = Release|Any CPU
	EndGlobalSection
	GlobalSection(ProjectConfigurationPlatforms) = postSolution
		{741E5666-E192-4173-8ABD-C6774420BDFB}.Debug|Any CPU.ActiveCfg = Debug|Any CPU
		{741E5666-E192-4173-8ABD-C6774420BDFB}.Debug|Any CPU.Build.0 = Debug|Any CPU
		{741E5666-E192-4173-8ABD-C6774420BDFB}.Release|Any CPU.ActiveCfg = Release|Any CPU
		{741E5666-E192-4173-8ABD-C6774420BDFB}.Release|Any CPU.Build.0 = Release|Any CPU
	EndGlobalSection
	GlobalSection(SolutionProperties) = preSolution
		HideSolutionNode = FALSE
	EndGlobalSection
	GlobalSection(ExtensibilityGlobals) = postSolution
		SolutionGuid = {BFD7430B-173E-4E04-9CB7-C63110C4522A}
	EndGlobalSection
EndGlobal
